
Microsoft Visual Studio Solution File, Format Version 12.00
# Visual Studio Version 16
VisualStudioVersion = 16.0.31624.102
MinimumVisualStudioVersion = 10.0.40219.1
Project("{FAE04EC0-301F-11D3-BF4B-00C04F79EFBC}") = "Midterm", "Midterm\Midterm.csproj", "{D78C0BA4-B536-47FB-8787-A60524E264F1}"
EndProject
Project("{FAE04EC0-301F-11D3-BF4B-00C04F79EFBC}") = "MidtermTest", "MidtermTest\MidtermTest.csproj", "{E9C57C44-23F9-44E4-8A35-A56679E1F25A}"
EndProject
Global
	GlobalSection(SolutionConfigurationPlatforms) = preSolution
		Debug|Any CPU = Debug|Any CPU
		Release|Any CPU = Release|Any CPU
	EndGlobalSection
	GlobalSection(ProjectConfigurationPlatforms) = postSolution
		{D78C0BA4-B536-47FB-8787-A60524E264F1}.Debug|Any CPU.ActiveCfg = Debug|Any CPU
		{D78C0BA4-B536-47FB-8787-A60524E264F1}.Debug|Any CPU.Build.0 = Debug|Any CPU
		{D78C0BA4-B536-47FB-8787-A60524E264F1}.Release|Any CPU.ActiveCfg = Release|Any CPU
		{D78C0BA4-B536-47FB-8787-A60524E264F1}.Release|Any CPU.Build.0 = Release|Any CPU
		{E9C57C44-23F9-44E4-8A35-A56679E1F25A}.Debug|Any CPU.ActiveCfg = Debug|Any CPU
		{E9C57C44-23F9-44E4-8A35-A56679E1F25A}.Debug|Any CPU.Build.0 = Debug|Any CPU
		{E9C57C44-23F9-44E4-8A35-A56679E1F25A}.Release|Any CPU.ActiveCfg = Release|Any CPU
		{E9C57C44-23F9-44E4-8A35-A56679E1F25A}.Release|Any CPU.Build.0 = Release|Any CPU
	EndGlobalSection
	GlobalSection(SolutionProperties) = preSolution
		HideSolutionNode = FALSE
	EndGlobalSection
	GlobalSection(ExtensibilityGlobals) = postSolution
		SolutionGuid = {46E2AD0F-D720-4C1D-B0F4-EF757F4CA1F0}
	EndGlobalSection
EndGlobal
